
Microsoft Visual Studio Solution File, Format Version 12.00
# Visual Studio Version 16
VisualStudioVersion = 16.0.31702.278
MinimumVisualStudioVersion = 10.0.40219.1
Project("{FAE04EC0-301F-11D3-BF4B-00C04F79EFBC}") = "POO7", "POO7\POO7.csproj", "{AF213CD7-C54F-45B8-9DE6-363616DA8AFE}"
EndProject
Global
	GlobalSection(SolutionConfigurationPlatforms) = preSolution
		Debug|Any CPU = Debug|Any CPU
		Release|Any CPU = Release|Any CPU
	EndGlobalSection
	GlobalSection(ProjectConfigurationPlatforms) = postSolution
		{AF213CD7-C54F-45B8-9DE6-363616DA8AFE}.Debug|Any CPU.ActiveCfg = Debug|Any CPU
		{AF213CD7-C54F-45B8-9DE6-363616DA8AFE}.Debug|Any CPU.Build.0 = Debug|Any CPU
		{AF213CD7-C54F-45B8-9DE6-363616DA8AFE}.Release|Any CPU.ActiveCfg = Release|Any CPU
		{AF213CD7-C54F-45B8-9DE6-363616DA8AFE}.Release|Any CPU.Build.0 = Release|Any CPU
	EndGlobalSection
	GlobalSection(SolutionProperties) = preSolution
		HideSolutionNode = FALSE
	EndGlobalSection
	GlobalSection(ExtensibilityGlobals) = postSolution
		SolutionGuid = {80587447-F866-487F-A2C6-C2A13383CF42}
	EndGlobalSection
EndGlobal
